// !$*UTF8*$!
{
	archiveVersion = 1;
	classes = {
	};
	objectVersion = 50;
	objects = {

/* Begin PBXBuildFile section */
		603CC5D820DDA08F002D5F82 /* AppDelegate.swift in Sources */ = {isa = PBXBuildFile; fileRef = 603CC5D720DDA08F002D5F82 /* AppDelegate.swift */; };
		603CC5DA20DDA08F002D5F82 /* MapviewController.swift in Sources */ = {isa = PBXBuildFile; fileRef = 603CC5D920DDA08F002D5F82 /* MapviewController.swift */; };
		603CC5DD20DDA08F002D5F82 /* Main.storyboard in Resources */ = {isa = PBXBuildFile; fileRef = 603CC5DB20DDA08F002D5F82 /* Main.storyboard */; };
		603CC5DF20DDA093002D5F82 /* Assets.xcassets in Resources */ = {isa = PBXBuildFile; fileRef = 603CC5DE20DDA093002D5F82 /* Assets.xcassets */; };
		603CC5E220DDA093002D5F82 /* LaunchScreen.storyboard in Resources */ = {isa = PBXBuildFile; fileRef = 603CC5E020DDA093002D5F82 /* LaunchScreen.storyboard */; };
		60567C7B20E3569D00D4160C /* RoundedView.swift in Sources */ = {isa = PBXBuildFile; fileRef = 60567C7A20E3569D00D4160C /* RoundedView.swift */; };
		60AB7EA02117F8E20060002B /* RoundedButton.swift in Sources */ = {isa = PBXBuildFile; fileRef = 60AB7E9F2117F8E20060002B /* RoundedButton.swift */; };
/* End PBXBuildFile section */

/* Begin PBXFileReference section */
		603CC5D420DDA08F002D5F82 /* ReverseGeolocation.app */ = {isa = PBXFileReference; explicitFileType = wrapper.application; includeInIndex = 0; path = ReverseGeolocation.app; sourceTree = BUILT_PRODUCTS_DIR; };
		603CC5D720DDA08F002D5F82 /* AppDelegate.swift */ = {isa = PBXFileReference; lastKnownFileType = sourcecode.swift; path = AppDelegate.swift; sourceTree = "<group>"; };
		603CC5D920DDA08F002D5F82 /* MapviewController.swift */ = {isa = PBXFileReference; lastKnownFileType = sourcecode.swift; path = MapviewController.swift; sourceTree = "<group>"; };
		603CC5DC20DDA08F002D5F82 /* Base */ = {isa = PBXFileReference; lastKnownFileType = file.storyboard; name = Base; path = Base.lproj/Main.storyboard; sourceTree = "<group>"; };
		603CC5DE20DDA093002D5F82 /* Assets.xcassets */ = {isa = PBXFileReference; lastKnownFileType = folder.assetcatalog; path = Assets.xcassets; sourceTree = "<group>"; };
		603CC5E120DDA093002D5F82 /* Base */ = {isa = PBXFileReference; lastKnownFileType = file.storyboard; name = Base; path = Base.lproj/LaunchScreen.storyboard; sourceTree = "<group>"; };
		603CC5E320DDA093002D5F82 /* Info.plist */ = {isa = PBXFileReference; lastKnownFileType = text.plist.xml; path = Info.plist; sourceTree = "<group>"; };
		60567C7A20E3569D00D4160C /* RoundedView.swift */ = {isa = PBXFileReference; lastKnownFileType = sourcecode.swift; path = RoundedView.swift; sourceTree = "<group>"; };
		60AB7E9F2117F8E20060002B /* RoundedButton.swift */ = {isa = PBXFileReference; lastKnownFileType = sourcecode.swift; path = RoundedButton.swift; sourceTree = "<group>"; };
/* End PBXFileReference section */

/* Begin PBXFrameworksBuildPhase section */
		603CC5D120DDA08F002D5F82 /* Frameworks */ = {
			isa = PBXFrameworksBuildPhase;
			buildActionMask = 2147483647;
			files = (
			);
			runOnlyForDeploymentPostprocessing = 0;
		};
/* End PBXFrameworksBuildPhase section */

/* Begin PBXGroup section */
		603CC5CB20DDA08F002D5F82 = {
			isa = PBXGroup;
			children = (
				603CC5D620DDA08F002D5F82 /* ReverseGeolocation */,
				603CC5D520DDA08F002D5F82 /* Products */,
			);
			sourceTree = "<group>";
		};
		603CC5D520DDA08F002D5F82 /* Products */ = {
			isa = PBXGroup;
			children = (
				603CC5D420DDA08F002D5F82 /* ReverseGeolocation.app */,
			);
			name = Products;
			sourceTree = "<group>";
		};
		603CC5D620DDA08F002D5F82 /* ReverseGeolocation */ = {
			isa = PBXGroup;
			children = (
				603CC5D720DDA08F002D5F82 /* AppDelegate.swift */,
				603CC5D920DDA08F002D5F82 /* MapviewController.swift */,
				60567C7A20E3569D00D4160C /* RoundedView.swift */,
				60AB7E9F2117F8E20060002B /* RoundedButton.swift */,
				603CC5DB20DDA08F002D5F82 /* Main.storyboard */,
				603CC5DE20DDA093002D5F82 /* Assets.xcassets */,
				603CC5E020DDA093002D5F82 /* LaunchScreen.storyboard */,
				603CC5E320DDA093002D5F82 /* Info.plist */,
			);
			path = ReverseGeolocation;
			sourceTree = "<group>";
		};
/* End PBXGroup section */

/* Begin PBXNativeTarget section */
		603CC5D320DDA08F002D5F82 /* ReverseGeolocation */ = {
			isa = PBXNativeTarget;
			buildConfigurationList = 603CC5E620DDA093002D5F82 /* Build configuration list for PBXNativeTarget "ReverseGeolocation" */;
			buildPhases = (
				603CC5D020DDA08F002D5F82 /* Sources */,
				603CC5D120DDA08F002D5F82 /* Frameworks */,
				603CC5D220DDA08F002D5F82 /* Resources */,
			);
			buildRules = (
			);
			dependencies = (
			);
			name = ReverseGeolocation;
			productName = ReverseGeolocation;
			productReference = 603CC5D420DDA08F002D5F82 /* ReverseGeolocation.app */;
			productType = "com.apple.product-type.application";
		};
/* End PBXNativeTarget section */

/* Begin PBXProject section */
		603CC5CC20DDA08F002D5F82 /* Project object */ = {
			isa = PBXProject;
			attributes = {
				LastSwiftUpdateCheck = 1000;
				LastUpgradeCheck = 1000;
				ORGANIZATIONNAME = "Aivars Meijers";
				TargetAttributes = {
					603CC5D320DDA08F002D5F82 = {
						CreatedOnToolsVersion = 10.0;
					};
				};
			};
			buildConfigurationList = 603CC5CF20DDA08F002D5F82 /* Build configuration list for PBXProject "ReverseGeolocation" */;
			compatibilityVersion = "Xcode 9.3";
			developmentRegion = en;
			hasScannedForEncodings = 0;
			knownRegions = (
				en,
				Base,
			);
			mainGroup = 603CC5CB20DDA08F002D5F82;
			productRefGroup = 603CC5D520DDA08F002D5F82 /* Products */;
			projectDirPath = "";
			projectRoot = "";
			targets = (
				603CC5D320DDA08F002D5F82 /* ReverseGeolocation */,
			);
		};
/* End PBXProject section */

/* Begin PBXResourcesBuildPhase section */
		603CC5D220DDA08F002D5F82 /* Resources */ = {
			isa = PBXResourcesBuildPhase;
			buildActionMask = 2147483647;
			files = (
				603CC5E220DDA093002D5F82 /* LaunchScreen.storyboard in Resources */,
				603CC5DF20DDA093002D5F82 /* Assets.xcassets in Resources */,
				603CC5DD20DDA08F002D5F82 /* Main.storyboard in Resources */,
			);
			runOnlyForDeploymentPostprocessing = 0;
		};
/* End PBXResourcesBuildPhase section */

/* Begin PBXSourcesBuildPhase section */
		603CC5D020DDA08F002D5F82 /* Sources */ = {
			isa = PBXSourcesBuildPhase;
			buildActionMask = 2147483647;
			files = (
				603CC5DA20DDA08F002D5F82 /* MapviewController.swift in Sources */,
				60567C7B20E3569D00D4160C /* RoundedView.swift in Sources */,
				603CC5D820DDA08F002D5F82 /* AppDelegate.swift in Sources */,
				60AB7EA02117F8E20060002B /* RoundedButton.swift in Sources */,
			);
			runOnlyForDeploymentPostprocessing = 0;
		};
/* End PBXSourcesBuildPhase section */

/* Begin PBXVariantGroup section */
		603CC5DB20DDA08F002D5F82 /* Main.storyboard */ = {
			isa = PBXVariantGroup;
			children = (
				603CC5DC20DDA08F002D5F82 /* Base */,
			);
			name = Main.storyboard;
			sourceTree = "<group>";
		};
		603CC5E020DDA093002D5F82 /* LaunchScreen.storyboard */ = {
			isa = PBXVariantGroup;
			children = (
				603CC5E120DDA093002D5F82 /* Base */,
			);
			name = LaunchScreen.storyboard;
			sourceTree = "<group>";
		};
/* End PBXVariantGroup section */

/* Begin XCBuildConfiguration section */
		603CC5E420DDA093002D5F82 /* Debug */ = {
			isa = XCBuildConfiguration;
			buildSettings = {
				ALWAYS_SEARCH_USER_PATHS = NO;
				CLANG_ANALYZER_NONNULL = YES;
				CLANG_ANALYZER_NUMBER_OBJECT_CONVERSION = YES_AGGRESSIVE;
				CLANG_CXX_LANGUAGE_STANDARD = "gnu++14";
				CLANG_CXX_LIBRARY = "libc++";
				CLANG_ENABLE_MODULES = YES;
				CLANG_ENABLE_OBJC_ARC = YES;
				CLANG_ENABLE_OBJC_WEAK = YES;
				CLANG_WARN_BLOCK_CAPTURE_AUTORELEASING = YES;
				CLANG_WARN_BOOL_CONVERSION = YES;
				CLANG_WARN_COMMA = YES;
				CLANG_WARN_CONSTANT_CONVERSION = YES;
				CLANG_WARN_DEPRECATED_OBJC_IMPLEMENTATIONS = YES;
				CLANG_WARN_DIRECT_OBJC_ISA_USAGE = YES_ERROR;
				CLANG_WARN_DOCUMENTATION_COMMENTS = YES;
				CLANG_WARN_EMPTY_BODY = YES;
				CLANG_WARN_ENUM_CONVERSION = YES;
				CLANG_WARN_INFINITE_RECURSION = YES;
				CLANG_WARN_INT_CONVERSION = YES;
				CLANG_WARN_NON_LITERAL_NULL_CONVERSION = YES;
				CLANG_WARN_OBJC_IMPLICIT_RETAIN_SELF = YES;
				CLANG_WARN_OBJC_LITERAL_CONVERSION = YES;
				CLANG_WARN_OBJC_ROOT_CLASS = YES_ERROR;
				CLANG_WARN_RANGE_LOOP_ANALYSIS = YES;
				CLANG_WARN_STRICT_PROTOTYPES = YES;
				CLANG_WARN_SUSPICIOUS_MOVE = YES;
				CLANG_WARN_UNGUARDED_AVAILABILITY = YES_AGGRESSIVE;
				CLANG_WARN_UNREACHABLE_CODE = YES;
				CLANG_WARN__DUPLICATE_METHOD_MATCH = YES;
				CODE_SIGN_IDENTITY = "iPhone Developer";
				COPY_PHASE_STRIP = NO;
				DEBUG_INFORMATION_FORMAT = dwarf;
				ENABLE_STRICT_OBJC_MSGSEND = YES;
				ENABLE_TESTABILITY = YES;
				GCC_C_LANGUAGE_STANDARD = gnu11;
				GCC_DYNAMIC_NO_PIC = NO;
				GCC_NO_COMMON_BLOCKS = YES;
				GCC_OPTIMIZATION_LEVEL = 0;
				GCC_PREPROCESSOR_DEFINITIONS = (
					"DEBUG=1",
					"$(inherited)",
				);
				GCC_WARN_64_TO_32_BIT_CONVERSION = YES;
				GCC_WARN_ABOUT_RETURN_TYPE = YES_ERROR;
				GCC_WARN_UNDECLARED_SELECTOR = YES;
				GCC_WARN_UNINITIALIZED_AUTOS = YES_AGGRESSIVE;
				GCC_WARN_UNUSED_FUNCTION = YES;
				GCC_WARN_UNUSED_VARIABLE = YES;
				IPHONEOS_DEPLOYMENT_TARGET = 12.0;
				MTL_ENABLE_DEBUG_INFO = INCLUDE_SOURCE;
				ONLY_ACTIVE_ARCH = YES;
				SDKROOT = iphoneos;
				SWIFT_ACTIVE_COMPILATION_CONDITIONS = DEBUG;
				SWIFT_OPTIMIZATION_LEVEL = "-Onone";
			};
			name = Debug;
		};
		603CC5E520DDA093002D5F82 /* Release */ = {
			isa = XCBuildConfiguration;
			buildSettings = {
				ALWAYS_SEARCH_USER_PATHS = NO;
				CLANG_ANALYZER_NONNULL = YES;
				CLANG_ANALYZER_NUMBER_OBJECT_CONVERSION = YES_AGGRESSIVE;
				CLANG_CXX_LANGUAGE_STANDARD = "gnu++14";
				CLANG_CXX_LIBRARY = "libc++";
				CLANG_ENABLE_MODULES = YES;
				CLANG_ENABLE_OBJC_ARC = YES;
				CLANG_ENABLE_OBJC_WEAK = YES;
				CLANG_WARN_BLOCK_CAPTURE_AUTORELEASING = YES;
				CLANG_WARN_BOOL_CONVERSION = YES;
				CLANG_WARN_COMMA = YES;
				CLANG_WARN_CONSTANT_CONVERSION = YES;
				CLANG_WARN_DEPRECATED_OBJC_IMPLEMENTATIONS = YES;
				CLANG_WARN_DIRECT_OBJC_ISA_USAGE = YES_ERROR;
				CLANG_WARN_DOCUMENTATION_COMMENTS = YES;
				CLANG_WARN_EMPTY_BODY = YES;
				CLANG_WARN_ENUM_CONVERSION = YES;
				CLANG_WARN_INFINITE_RECURSION = YES;
				CLANG_WARN_INT_CONVERSION = YES;
				CLANG_WARN_NON_LITERAL_NULL_CONVERSION = YES;
				CLANG_WARN_OBJC_IMPLICIT_RETAIN_SELF = YES;
				CLANG_WARN_OBJC_LITERAL_CONVERSION = YES;
				CLANG_WARN_OBJC_ROOT_CLASS = YES_ERROR;
				CLANG_WARN_RANGE_LOOP_ANALYSIS = YES;
				CLANG_WARN_STRICT_PROTOTYPES = YES;
				CLANG_WARN_SUSPICIOUS_MOVE = YES;
				CLANG_WARN_UNGUARDED_AVAILABILITY = YES_AGGRESSIVE;
				CLANG_WARN_UNREACHABLE_CODE = YES;
				CLANG_WARN__DUPLICATE_METHOD_MATCH = YES;
				CODE_SIGN_IDENTITY = "iPhone Developer";
				COPY_PHASE_STRIP = NO;
				DEBUG_INFORMATION_FORMAT = "dwarf-with-dsym";
				ENABLE_NS_ASSERTIONS = NO;
				ENABLE_STRICT_OBJC_MSGSEND = YES;
				GCC_C_LANGUAGE_STANDARD = gnu11;
				GCC_NO_COMMON_BLOCKS = YES;
				GCC_WARN_64_TO_32_BIT_CONVERSION = YES;
				GCC_WARN_ABOUT_RETURN_TYPE = YES_ERROR;
				GCC_WARN_UNDECLARED_SELECTOR = YES;
				GCC_WARN_UNINITIALIZED_AUTOS = YES_AGGRESSIVE;
				GCC_WARN_UNUSED_FUNCTION = YES;
				GCC_WARN_UNUSED_VARIABLE = YES;
				IPHONEOS_DEPLOYMENT_TARGET = 12.0;
				MTL_ENABLE_DEBUG_INFO = NO;
				SDKROOT = iphoneos;
				SWIFT_COMPILATION_MODE = wholemodule;
				SWIFT_OPTIMIZATION_LEVEL = "-O";
				VALIDATE_PRODUCT = YES;
			};
			name = Release;
		};
		603CC5E720DDA093002D5F82 /* Debug */ = {
			isa = XCBuildConfiguration;
			buildSettings = {
				ASSETCATALOG_COMPILER_APPICON_NAME = AppIcon;
				CODE_SIGN_STYLE = Automatic;
				DEVELOPMENT_TEAM = UDP9QHRJQB;
				INFOPLIST_FILE = ReverseGeolocation/Info.plist;
				LD_RUNPATH_SEARCH_PATHS = (
					"$(inherited)",
					"@executable_path/Frameworks",
				);
				PRODUCT_BUNDLE_IDENTIFIER = com.sleepybytes.ReverseGeolocation;
				PRODUCT_NAME = "$(TARGET_NAME)";
				SWIFT_VERSION = 4.2;
				TARGETED_DEVICE_FAMILY = "1,2";
			};
			name = Debug;
		};
		603CC5E820DDA093002D5F82 /* Release */ = {
			isa = XCBuildConfiguration;
			buildSettings = {
				ASSETCATALOG_COMPILER_APPICON_NAME = AppIcon;
				CODE_SIGN_STYLE = Automatic;
				DEVELOPMENT_TEAM = UDP9QHRJQB;
				INFOPLIST_FILE = ReverseGeolocation/Info.plist;
				LD_RUNPATH_SEARCH_PATHS = (
					"$(inherited)",
					"@executable_path/Frameworks",
				);
				PRODUCT_BUNDLE_IDENTIFIER = com.sleepybytes.ReverseGeolocation;
				PRODUCT_NAME = "$(TARGET_NAME)";
				SWIFT_VERSION = 4.2;
				TARGETED_DEVICE_FAMILY = "1,2";
			};
			name = Release;
		};
/* End XCBuildConfiguration section */

/* Begin XCConfigurationList section */
		603CC5CF20DDA08F002D5F82 /* Build configuration list for PBXProject "ReverseGeolocation" */ = {
			isa = XCConfigurationList;
			buildConfigurations = (
				603CC5E420DDA093002D5F82 /* Debug */,
				603CC5E520DDA093002D5F82 /* Release */,
			);
			defaultConfigurationIsVisible = 0;
			defaultConfigurationName = Release;
		};
		603CC5E620DDA093002D5F82 /* Build configuration list for PBXNativeTarget "ReverseGeolocation" */ = {
			isa = XCConfigurationList;
			buildConfigurations = (
				603CC5E720DDA093002D5F82 /* Debug */,
				603CC5E820DDA093002D5F82 /* Release */,
			);
			defaultConfigurationIsVisible = 0;
			defaultConfigurationName = Release;
		};
/* End XCConfigurationList section */
	};
	rootObject = 603CC5CC20DDA08F002D5F82 /* Project object */;
}
